
Microsoft Visual Studio Solution File, Format Version 12.00
# Visual Studio Version 17
VisualStudioVersion = 17.6.33801.468
MinimumVisualStudioVersion = 10.0.40219.1
Project("{FAE04EC0-301F-11D3-BF4B-00C04F79EFBC}") = "01Lambda", "01Lambda\01Lambda.csproj", "{36F85EFB-22E7-40DA-AA25-A2A26F4E6299}"
EndProject
Project("{FAE04EC0-301F-11D3-BF4B-00C04F79EFBC}") = "02Deegati", "02Deegati\02Deegati.csproj", "{8761C42A-3D1F-40A6-8084-CCB181713F4D}"
EndProject
Project("{FAE04EC0-301F-11D3-BF4B-00C04F79EFBC}") = "03Ekstenzije", "03Ekstenzije\03Ekstenzije.csproj", "{90C58292-DC4F-4F6D-AC4C-8D9775C4402E}"
EndProject
Global
	GlobalSection(SolutionConfigurationPlatforms) = preSolution
		Debug|Any CPU = Debug|Any CPU
		Release|Any CPU = Release|Any CPU
	EndGlobalSection
	GlobalSection(ProjectConfigurationPlatforms) = postSolution
		{36F85EFB-22E7-40DA-AA25-A2A26F4E6299}.Debug|Any CPU.ActiveCfg = Debug|Any CPU
		{36F85EFB-22E7-40DA-AA25-A2A26F4E6299}.Debug|Any CPU.Build.0 = Debug|Any CPU
		{36F85EFB-22E7-40DA-AA25-A2A26F4E6299}.Release|Any CPU.ActiveCfg = Release|Any CPU
		{36F85EFB-22E7-40DA-AA25-A2A26F4E6299}.Release|Any CPU.Build.0 = Release|Any CPU
		{8761C42A-3D1F-40A6-8084-CCB181713F4D}.Debug|Any CPU.ActiveCfg = Debug|Any CPU
		{8761C42A-3D1F-40A6-8084-CCB181713F4D}.Debug|Any CPU.Build.0 = Debug|Any CPU
		{8761C42A-3D1F-40A6-8084-CCB181713F4D}.Release|Any CPU.ActiveCfg = Release|Any CPU
		{8761C42A-3D1F-40A6-8084-CCB181713F4D}.Release|Any CPU.Build.0 = Release|Any CPU
		{90C58292-DC4F-4F6D-AC4C-8D9775C4402E}.Debug|Any CPU.ActiveCfg = Debug|Any CPU
		{90C58292-DC4F-4F6D-AC4C-8D9775C4402E}.Debug|Any CPU.Build.0 = Debug|Any CPU
		{90C58292-DC4F-4F6D-AC4C-8D9775C4402E}.Release|Any CPU.ActiveCfg = Release|Any CPU
		{90C58292-DC4F-4F6D-AC4C-8D9775C4402E}.Release|Any CPU.Build.0 = Release|Any CPU
	EndGlobalSection
	GlobalSection(SolutionProperties) = preSolution
		HideSolutionNode = FALSE
	EndGlobalSection
	GlobalSection(ExtensibilityGlobals) = postSolution
		SolutionGuid = {C5C59D04-AC12-4236-8D57-274DFEBD74C1}
	EndGlobalSection
EndGlobal
