
Microsoft Visual Studio Solution File, Format Version 12.00
# Visual Studio Version 17
VisualStudioVersion = 17.7.34018.315
MinimumVisualStudioVersion = 10.0.40219.1
Project("{FAE04EC0-301F-11D3-BF4B-00C04F79EFBC}") = "HelloWorld", "HelloWorld\HelloWorld.csproj", "{618415FF-6BD9-47FD-81C7-8A92D1DE1603}"
EndProject
Global
	GlobalSection(SolutionConfigurationPlatforms) = preSolution
		Debug|Any CPU = Debug|Any CPU
		Release|Any CPU = Release|Any CPU
	EndGlobalSection
	GlobalSection(ProjectConfigurationPlatforms) = postSolution
		{618415FF-6BD9-47FD-81C7-8A92D1DE1603}.Debug|Any CPU.ActiveCfg = Debug|Any CPU
		{618415FF-6BD9-47FD-81C7-8A92D1DE1603}.Debug|Any CPU.Build.0 = Debug|Any CPU
		{618415FF-6BD9-47FD-81C7-8A92D1DE1603}.Release|Any CPU.ActiveCfg = Release|Any CPU
		{618415FF-6BD9-47FD-81C7-8A92D1DE1603}.Release|Any CPU.Build.0 = Release|Any CPU
	EndGlobalSection
	GlobalSection(SolutionProperties) = preSolution
		HideSolutionNode = FALSE
	EndGlobalSection
	GlobalSection(ExtensibilityGlobals) = postSolution
		SolutionGuid = {884C7F8C-4E66-4534-BA09-212D7EAF2412}
	EndGlobalSection
EndGlobal
