
Microsoft Visual Studio Solution File, Format Version 12.00
# Visual Studio Version 17
VisualStudioVersion = 17.6.33801.468
MinimumVisualStudioVersion = 10.0.40219.1
Project("{9A19103F-16F7-4668-BE54-9A1E7A4F7556}") = "01firstproject", "firstproject\01firstproject.csproj", "{6BC880D8-821E-4BDE-B738-F1A2B7628708}"
EndProject
Project("{FAE04EC0-301F-11D3-BF4B-00C04F79EFBC}") = "02IfStatment", "IfStatment\02IfStatment.csproj", "{801ABD05-9B45-493C-99D9-EE6C5C55DB63}"
EndProject
Project("{FAE04EC0-301F-11D3-BF4B-00C04F79EFBC}") = "03Switches", "Switches\03Switches.csproj", "{87E3B95C-EC1A-4BB8-AEE4-23EB3322C328}"
EndProject
Project("{FAE04EC0-301F-11D3-BF4B-00C04F79EFBC}") = "04LogicalOperators", "LogicalOperators\04LogicalOperators.csproj", "{8C63A313-7785-4DFA-B2D7-5527E1938738}"
EndProject
Global
	GlobalSection(SolutionConfigurationPlatforms) = preSolution
		Debug|Any CPU = Debug|Any CPU
		Release|Any CPU = Release|Any CPU
	EndGlobalSection
	GlobalSection(ProjectConfigurationPlatforms) = postSolution
		{6BC880D8-821E-4BDE-B738-F1A2B7628708}.Debug|Any CPU.ActiveCfg = Debug|Any CPU
		{6BC880D8-821E-4BDE-B738-F1A2B7628708}.Debug|Any CPU.Build.0 = Debug|Any CPU
		{6BC880D8-821E-4BDE-B738-F1A2B7628708}.Release|Any CPU.ActiveCfg = Release|Any CPU
		{6BC880D8-821E-4BDE-B738-F1A2B7628708}.Release|Any CPU.Build.0 = Release|Any CPU
		{801ABD05-9B45-493C-99D9-EE6C5C55DB63}.Debug|Any CPU.ActiveCfg = Debug|Any CPU
		{801ABD05-9B45-493C-99D9-EE6C5C55DB63}.Debug|Any CPU.Build.0 = Debug|Any CPU
		{801ABD05-9B45-493C-99D9-EE6C5C55DB63}.Release|Any CPU.ActiveCfg = Release|Any CPU
		{801ABD05-9B45-493C-99D9-EE6C5C55DB63}.Release|Any CPU.Build.0 = Release|Any CPU
		{87E3B95C-EC1A-4BB8-AEE4-23EB3322C328}.Debug|Any CPU.ActiveCfg = Debug|Any CPU
		{87E3B95C-EC1A-4BB8-AEE4-23EB3322C328}.Debug|Any CPU.Build.0 = Debug|Any CPU
		{87E3B95C-EC1A-4BB8-AEE4-23EB3322C328}.Release|Any CPU.ActiveCfg = Release|Any CPU
		{87E3B95C-EC1A-4BB8-AEE4-23EB3322C328}.Release|Any CPU.Build.0 = Release|Any CPU
		{8C63A313-7785-4DFA-B2D7-5527E1938738}.Debug|Any CPU.ActiveCfg = Debug|Any CPU
		{8C63A313-7785-4DFA-B2D7-5527E1938738}.Debug|Any CPU.Build.0 = Debug|Any CPU
		{8C63A313-7785-4DFA-B2D7-5527E1938738}.Release|Any CPU.ActiveCfg = Release|Any CPU
		{8C63A313-7785-4DFA-B2D7-5527E1938738}.Release|Any CPU.Build.0 = Release|Any CPU
	EndGlobalSection
	GlobalSection(SolutionProperties) = preSolution
		HideSolutionNode = FALSE
	EndGlobalSection
	GlobalSection(ExtensibilityGlobals) = postSolution
		SolutionGuid = {D63E6D31-3E9A-4AD4-88B7-53219C21B36D}
	EndGlobalSection
EndGlobal
