
Microsoft Visual Studio Solution File, Format Version 12.00
# Visual Studio Version 17
VisualStudioVersion = 17.6.33801.468
MinimumVisualStudioVersion = 10.0.40219.1
Project("{9A19103F-16F7-4668-BE54-9A1E7A4F7556}") = "NumberGuessing", "ConsoleApp1\NumberGuessing.csproj", "{A3E7655A-3257-4B27-A897-F59F4F553B68}"
EndProject
Project("{9A19103F-16F7-4668-BE54-9A1E7A4F7556}") = "Zadaća01", "ZadaćaFor\Zadaća01.csproj", "{8E3F419C-BA7D-4A7B-9106-EF841B70967C}"
EndProject
Project("{9A19103F-16F7-4668-BE54-9A1E7A4F7556}") = "Zadaća02", "Zadaća02\Zadaća02.csproj", "{37082B26-5D47-456E-965D-78DC5111031B}"
EndProject
Project("{9A19103F-16F7-4668-BE54-9A1E7A4F7556}") = "Zadaća03", "Zadaca03\Zadaća03.csproj", "{EB6C92D6-EA73-4F78-AE46-73AB29781542}"
EndProject
Global
	GlobalSection(SolutionConfigurationPlatforms) = preSolution
		Debug|Any CPU = Debug|Any CPU
		Release|Any CPU = Release|Any CPU
	EndGlobalSection
	GlobalSection(ProjectConfigurationPlatforms) = postSolution
		{A3E7655A-3257-4B27-A897-F59F4F553B68}.Debug|Any CPU.ActiveCfg = Debug|Any CPU
		{A3E7655A-3257-4B27-A897-F59F4F553B68}.Debug|Any CPU.Build.0 = Debug|Any CPU
		{A3E7655A-3257-4B27-A897-F59F4F553B68}.Release|Any CPU.ActiveCfg = Release|Any CPU
		{A3E7655A-3257-4B27-A897-F59F4F553B68}.Release|Any CPU.Build.0 = Release|Any CPU
		{8E3F419C-BA7D-4A7B-9106-EF841B70967C}.Debug|Any CPU.ActiveCfg = Debug|Any CPU
		{8E3F419C-BA7D-4A7B-9106-EF841B70967C}.Debug|Any CPU.Build.0 = Debug|Any CPU
		{8E3F419C-BA7D-4A7B-9106-EF841B70967C}.Release|Any CPU.ActiveCfg = Release|Any CPU
		{8E3F419C-BA7D-4A7B-9106-EF841B70967C}.Release|Any CPU.Build.0 = Release|Any CPU
		{37082B26-5D47-456E-965D-78DC5111031B}.Debug|Any CPU.ActiveCfg = Debug|Any CPU
		{37082B26-5D47-456E-965D-78DC5111031B}.Debug|Any CPU.Build.0 = Debug|Any CPU
		{37082B26-5D47-456E-965D-78DC5111031B}.Release|Any CPU.ActiveCfg = Release|Any CPU
		{37082B26-5D47-456E-965D-78DC5111031B}.Release|Any CPU.Build.0 = Release|Any CPU
		{EB6C92D6-EA73-4F78-AE46-73AB29781542}.Debug|Any CPU.ActiveCfg = Debug|Any CPU
		{EB6C92D6-EA73-4F78-AE46-73AB29781542}.Debug|Any CPU.Build.0 = Debug|Any CPU
		{EB6C92D6-EA73-4F78-AE46-73AB29781542}.Release|Any CPU.ActiveCfg = Release|Any CPU
		{EB6C92D6-EA73-4F78-AE46-73AB29781542}.Release|Any CPU.Build.0 = Release|Any CPU
	EndGlobalSection
	GlobalSection(SolutionProperties) = preSolution
		HideSolutionNode = FALSE
	EndGlobalSection
	GlobalSection(ExtensibilityGlobals) = postSolution
		SolutionGuid = {629271C0-0117-4444-A1A0-F2E2DEB17F00}
	EndGlobalSection
EndGlobal
